
Microsoft Visual Studio Solution File, Format Version 12.00
# Visual Studio Version 17
VisualStudioVersion = 17.0.31903.59
MinimumVisualStudioVersion = 10.0.40219.1
Project("{FAE04EC0-301F-11D3-BF4B-00C04F79EFBC}") = "NoPandaCode.ApplicationEnvironment.Test", "NoPandaCode.ApplicationEnvironment.Test\NoPandaCode.ApplicationEnvironment.Test.csproj", "{A3AB797E-EE07-4AF2-BE88-D666DCD863D6}"
EndProject
Project("{FAE04EC0-301F-11D3-BF4B-00C04F79EFBC}") = "NoPandaCode.ApplicationEnvironment", "NoPandaCode.ApplicationEnvironment\NoPandaCode.ApplicationEnvironment.csproj", "{0BD57555-7D81-4D07-A770-0EA84E82FE5C}"
EndProject
Global
	GlobalSection(SolutionConfigurationPlatforms) = preSolution
		Debug|Any CPU = Debug|Any CPU
		Release|Any CPU = Release|Any CPU
	EndGlobalSection
	GlobalSection(ProjectConfigurationPlatforms) = postSolution
		{A3AB797E-EE07-4AF2-BE88-D666DCD863D6}.Debug|Any CPU.ActiveCfg = Debug|Any CPU
		{A3AB797E-EE07-4AF2-BE88-D666DCD863D6}.Debug|Any CPU.Build.0 = Debug|Any CPU
		{A3AB797E-EE07-4AF2-BE88-D666DCD863D6}.Release|Any CPU.ActiveCfg = Release|Any CPU
		{A3AB797E-EE07-4AF2-BE88-D666DCD863D6}.Release|Any CPU.Build.0 = Release|Any CPU
		{0BD57555-7D81-4D07-A770-0EA84E82FE5C}.Debug|Any CPU.ActiveCfg = Debug|Any CPU
		{0BD57555-7D81-4D07-A770-0EA84E82FE5C}.Debug|Any CPU.Build.0 = Debug|Any CPU
		{0BD57555-7D81-4D07-A770-0EA84E82FE5C}.Release|Any CPU.ActiveCfg = Release|Any CPU
		{0BD57555-7D81-4D07-A770-0EA84E82FE5C}.Release|Any CPU.Build.0 = Release|Any CPU
	EndGlobalSection
	GlobalSection(SolutionProperties) = preSolution
		HideSolutionNode = FALSE
	EndGlobalSection
	GlobalSection(ExtensibilityGlobals) = postSolution
		SolutionGuid = {14555C7E-594E-465A-96BE-27DA98C2F7A0}
	EndGlobalSection
EndGlobal
